
Microsoft Visual Studio Solution File, Format Version 12.00
# Visual Studio Version 17
VisualStudioVersion = 17.7.34003.232
MinimumVisualStudioVersion = 10.0.40219.1
Project("{FAE04EC0-301F-11D3-BF4B-00C04F79EFBC}") = "WebApplication1", "WebApplication1\WebApplication1.csproj", "{B2DA3FB1-19AF-43DE-9FEF-220DB14FF452}"
EndProject
Global
	GlobalSection(SolutionConfigurationPlatforms) = preSolution
		Debug|Any CPU = Debug|Any CPU
		Release|Any CPU = Release|Any CPU
	EndGlobalSection
	GlobalSection(ProjectConfigurationPlatforms) = postSolution
		{B2DA3FB1-19AF-43DE-9FEF-220DB14FF452}.Debug|Any CPU.ActiveCfg = Debug|Any CPU
		{B2DA3FB1-19AF-43DE-9FEF-220DB14FF452}.Debug|Any CPU.Build.0 = Debug|Any CPU
		{B2DA3FB1-19AF-43DE-9FEF-220DB14FF452}.Release|Any CPU.ActiveCfg = Release|Any CPU
		{B2DA3FB1-19AF-43DE-9FEF-220DB14FF452}.Release|Any CPU.Build.0 = Release|Any CPU
	EndGlobalSection
	GlobalSection(SolutionProperties) = preSolution
		HideSolutionNode = FALSE
	EndGlobalSection
	GlobalSection(ExtensibilityGlobals) = postSolution
		SolutionGuid = {5B04529E-3A7A-40A9-8AB9-57B45AE9BD0F}
	EndGlobalSection
EndGlobal
